
Microsoft Visual Studio Solution File, Format Version 11.00
# Visual Studio 2010
Project("{FAE04EC0-301F-11D3-BF4B-00C04F79EFBC}") = "imgtool", "imgtool\imgtool.csproj", "{DE98264D-EBCB-4B99-9EA4-D37B7F39448A}"
EndProject
Global
	GlobalSection(SolutionConfigurationPlatforms) = preSolution
		Debug|x86 = Debug|x86
		Release|x86 = Release|x86
	EndGlobalSection
	GlobalSection(ProjectConfigurationPlatforms) = postSolution
		{DE98264D-EBCB-4B99-9EA4-D37B7F39448A}.Debug|x86.ActiveCfg = Debug|x86
		{DE98264D-EBCB-4B99-9EA4-D37B7F39448A}.Debug|x86.Build.0 = Debug|x86
		{DE98264D-EBCB-4B99-9EA4-D37B7F39448A}.Release|x86.ActiveCfg = Release|x86
		{DE98264D-EBCB-4B99-9EA4-D37B7F39448A}.Release|x86.Build.0 = Release|x86
	EndGlobalSection
	GlobalSection(SolutionProperties) = preSolution
		HideSolutionNode = FALSE
	EndGlobalSection
EndGlobal
