
Microsoft Visual Studio Solution File, Format Version 11.00
# Visual Studio 2010
Project("{FAE04EC0-301F-11D3-BF4B-00C04F79EFBC}") = "BaldrSky_SPMTool", "BaldrSky_SPMTool\BaldrSky_SPMTool.csproj", "{15ABA837-E39A-41E3-AD65-056B066615BC}"
EndProject
Global
	GlobalSection(SolutionConfigurationPlatforms) = preSolution
		Debug|x86 = Debug|x86
		Release|x86 = Release|x86
	EndGlobalSection
	GlobalSection(ProjectConfigurationPlatforms) = postSolution
		{15ABA837-E39A-41E3-AD65-056B066615BC}.Debug|x86.ActiveCfg = Debug|x86
		{15ABA837-E39A-41E3-AD65-056B066615BC}.Debug|x86.Build.0 = Debug|x86
		{15ABA837-E39A-41E3-AD65-056B066615BC}.Release|x86.ActiveCfg = Release|x86
		{15ABA837-E39A-41E3-AD65-056B066615BC}.Release|x86.Build.0 = Release|x86
	EndGlobalSection
	GlobalSection(SolutionProperties) = preSolution
		HideSolutionNode = FALSE
	EndGlobalSection
EndGlobal
